lockfileVersion: '9.0'

settings:
  autoInstallPeers: true
  excludeLinksFromLockfile: false

importers:

  .:
    dependencies:
      minimist:
        specifier: ^1.2.8
        version: 1.2.8
      ws:
        specifier: ^8.17.0
        version: 8.21.0
      xxhash-wasm:
        specifier: ^1.1.0
        version: 1.1.0

packages:

  minimist@1.2.8:
    resolution: {integrity: sha512-2yyAR8qBkN3YuheJanUpWC5U3bb5osDywNB8RzDVlDwDHbocAJveqqj1u8+SVD7jkWT4yvsHCpWqqWqAxb0zCA==}

  ws@8.21.0:
    resolution: {integrity: sha512-Vsp28b7DRcimFQvrqu2Wek3z1iYxDCWqHYB8Qsnk/S4RfaCQzPGPyBNuVjJV3cd6UiKtUtp6sNM77gWvzcCH+g==}
    engines: {node: '>=10.0.0'}
    peerDependencies:
      bufferutil: ^4.0.1
      utf-8-validate: '>=5.0.2'
    peerDependenciesMeta:
      bufferutil:
        optional: true
      utf-8-validate:
        optional: true

  xxhash-wasm@1.1.0:
    resolution: {integrity: sha512-147y/6YNh+tlp6nd/2pWq38i9h6mz/EuQ6njIrmW8D1BS5nCqs0P6DG+m6zTGnNz5I+uhZ0SHxBs9BsPrwcKDA==}

snapshots:

  minimist@1.2.8: {}

  ws@8.21.0: {}

  xxhash-wasm@1.1.0: {}
